{
  "name": "@bodhiapp/bodhi-browser-ext-types",
  "version": "0.0.1-dev",
  "lockfileVersion": 3,
  "requires": true,
  "packages": {
    "": {
      "name": "@bodhiapp/bodhi-browser-ext-types",
      "version": "0.0.1-dev",
      "dependencies": {
        "@bodhiapp/ts-client": "^0.1.9"
      }
    },
    "node_modules/@bodhiapp/ts-client": {
      "version": "0.1.9",
      "resolved": "https://registry.npmjs.org/@bodhiapp/ts-client/-/ts-client-0.1.9.tgz",
      "integrity": "sha512-bW2qXgArllx0pO1pHho3hmncUxcZbZP0fsGDZFTse6PGaYy+UcaURaP5soJpEJzLxCM28HnBzqlsglcLI75Hgg==",
      "license": "Apache-2.0",
      "engines": {
        "node": ">=22"
      }
    }
  }
}
